
Microsoft Visual Studio Solution File, Format Version 12.00
# Visual Studio Version 17
VisualStudioVersion = 17.8.34408.163
MinimumVisualStudioVersion = 10.0.40219.1
Project("{9A19103F-16F7-4668-BE54-9A1E7A4F7556}") = "AdeAuth", "AdeAuth\AdeAuth.csproj", "{ECF1B9C5-2561-4CF6-B7CD-0DD8F97804F4}"
EndProject
Project("{9A19103F-16F7-4668-BE54-9A1E7A4F7556}") = "AdeAuth.Tests", "AdeAuth.Tests\AdeAuth.Tests.csproj", "{1AF5C7A9-6926-4741-97CC-0910A33FA8BB}"
EndProject
Project("{FAE04EC0-301F-11D3-BF4B-00C04F79EFBC}") = "AdeAuth.Client", "AdeAuth.Client\AdeAuth.Client.csproj", "{3AA0B34D-BA12-4D4E-B9CB-2B5B4AE98927}"
EndProject
Global
	GlobalSection(SolutionConfigurationPlatforms) = preSolution
		Debug|Any CPU = Debug|Any CPU
		Release|Any CPU = Release|Any CPU
	EndGlobalSection
	GlobalSection(ProjectConfigurationPlatforms) = postSolution
		{ECF1B9C5-2561-4CF6-B7CD-0DD8F97804F4}.Debug|Any CPU.ActiveCfg = Debug|Any CPU
		{ECF1B9C5-2561-4CF6-B7CD-0DD8F97804F4}.Debug|Any CPU.Build.0 = Debug|Any CPU
		{ECF1B9C5-2561-4CF6-B7CD-0DD8F97804F4}.Release|Any CPU.ActiveCfg = Release|Any CPU
		{ECF1B9C5-2561-4CF6-B7CD-0DD8F97804F4}.Release|Any CPU.Build.0 = Release|Any CPU
		{1AF5C7A9-6926-4741-97CC-0910A33FA8BB}.Debug|Any CPU.ActiveCfg = Debug|Any CPU
		{1AF5C7A9-6926-4741-97CC-0910A33FA8BB}.Debug|Any CPU.Build.0 = Debug|Any CPU
		{1AF5C7A9-6926-4741-97CC-0910A33FA8BB}.Release|Any CPU.ActiveCfg = Release|Any CPU
		{1AF5C7A9-6926-4741-97CC-0910A33FA8BB}.Release|Any CPU.Build.0 = Release|Any CPU
		{3AA0B34D-BA12-4D4E-B9CB-2B5B4AE98927}.Debug|Any CPU.ActiveCfg = Debug|Any CPU
		{3AA0B34D-BA12-4D4E-B9CB-2B5B4AE98927}.Debug|Any CPU.Build.0 = Debug|Any CPU
		{3AA0B34D-BA12-4D4E-B9CB-2B5B4AE98927}.Release|Any CPU.ActiveCfg = Release|Any CPU
		{3AA0B34D-BA12-4D4E-B9CB-2B5B4AE98927}.Release|Any CPU.Build.0 = Release|Any CPU
	EndGlobalSection
	GlobalSection(SolutionProperties) = preSolution
		HideSolutionNode = FALSE
	EndGlobalSection
	GlobalSection(ExtensibilityGlobals) = postSolution
		SolutionGuid = {15A14DC4-D285-484E-B8C7-DFD27559A3AC}
	EndGlobalSection
EndGlobal
